Microsoft Visual Studio Solution File, Format Version 12.00
# Visual Studio Version 17
VisualStudioVersion = 17.5.2.0
MinimumVisualStudioVersion = 10.0.40219.1
Project("{FAE04EC0-301F-11D3-BF4B-00C04F79EFBC}") = "Snap-N-Shop-API", "Snap-N-Shop-API.csproj", "{0F786B5A-E5C7-2C9F-C308-CC738939477F}"
EndProject
Global
	GlobalSection(SolutionConfigurationPlatforms) = preSolution
		Debug|Any CPU = Debug|Any CPU
		Release|Any CPU = Release|Any CPU
	EndGlobalSection
	GlobalSection(ProjectConfigurationPlatforms) = postSolution
		{0F786B5A-E5C7-2C9F-C308-CC738939477F}.Debug|Any CPU.ActiveCfg = Debug|Any CPU
		{0F786B5A-E5C7-2C9F-C308-CC738939477F}.Debug|Any CPU.Build.0 = Debug|Any CPU
		{0F786B5A-E5C7-2C9F-C308-CC738939477F}.Release|Any CPU.ActiveCfg = Release|Any CPU
		{0F786B5A-E5C7-2C9F-C308-CC738939477F}.Release|Any CPU.Build.0 = Release|Any CPU
	EndGlobalSection
	GlobalSection(SolutionProperties) = preSolution
		HideSolutionNode = FALSE
	EndGlobalSection
	GlobalSection(ExtensibilityGlobals) = postSolution
		SolutionGuid = {AA7B2609-627A-4ABA-B15A-B5BFD7F0B77E}
	EndGlobalSection
EndGlobal
